
Microsoft Visual Studio Solution File, Format Version 12.00
# Visual Studio Version 17
VisualStudioVersion = 17.0.31903.59
MinimumVisualStudioVersion = 10.0.40219.1
Project("{2150E333-8FDC-42A3-9474-1A3956D46DE8}") = "src", "src", "{827E0CD3-B72D-47B6-A68D-7590B98EB39B}"
EndProject
Project("{FAE04EC0-301F-11D3-BF4B-00C04F79EFBC}") = "RealState.Api", "src\RealState.Api\RealState.Api.csproj", "{8C4E2750-26BF-4CBD-9767-5DE867B25B9E}"
EndProject
Project("{FAE04EC0-301F-11D3-BF4B-00C04F79EFBC}") = "RealState.Application", "src\RealState.Application\RealState.Application.csproj", "{0B9D729A-FDF8-4FAE-9033-A864FE785494}"
EndProject
Project("{FAE04EC0-301F-11D3-BF4B-00C04F79EFBC}") = "RealState.Contracts", "src\RealState.Contracts\RealState.Contracts.csproj", "{4AF64FFA-685F-4747-A181-830BB1C31C5E}"
EndProject
Project("{FAE04EC0-301F-11D3-BF4B-00C04F79EFBC}") = "RealState.Domain", "src\RealState.Domain\RealState.Domain.csproj", "{7C0FEA5B-5300-4B77-BDCE-A9C087C4918A}"
EndProject
Project("{FAE04EC0-301F-11D3-BF4B-00C04F79EFBC}") = "RealState.Infrastructure", "src\RealState.Infrastructure\RealState.Infrastructure.csproj", "{BF716C59-1269-4994-AD23-C0A9C01E172E}"
EndProject
Project("{2150E333-8FDC-42A3-9474-1A3956D46DE8}") = "test", "test", "{02EA681E-C7D8-13C7-8484-4AC65E1B71E8}"
EndProject
Project("{FAE04EC0-301F-11D3-BF4B-00C04F79EFBC}") = "RealState.Test", "test\RealState.Test\RealState.Test.csproj", "{8E10A33B-9BCD-4700-A7D0-771ABFC822AE}"
EndProject
Global
	GlobalSection(SolutionConfigurationPlatforms) = preSolution
		Debug|Any CPU = Debug|Any CPU
		Debug|x64 = Debug|x64
		Debug|x86 = Debug|x86
		Release|Any CPU = Release|Any CPU
		Release|x64 = Release|x64
		Release|x86 = Release|x86
	EndGlobalSection
	GlobalSection(ProjectConfigurationPlatforms) = postSolution
		{8C4E2750-26BF-4CBD-9767-5DE867B25B9E}.Debug|Any CPU.ActiveCfg = Debug|Any CPU
		{8C4E2750-26BF-4CBD-9767-5DE867B25B9E}.Debug|Any CPU.Build.0 = Debug|Any CPU
		{8C4E2750-26BF-4CBD-9767-5DE867B25B9E}.Debug|x64.ActiveCfg = Debug|Any CPU
		{8C4E2750-26BF-4CBD-9767-5DE867B25B9E}.Debug|x64.Build.0 = Debug|Any CPU
		{8C4E2750-26BF-4CBD-9767-5DE867B25B9E}.Debug|x86.ActiveCfg = Debug|Any CPU
		{8C4E2750-26BF-4CBD-9767-5DE867B25B9E}.Debug|x86.Build.0 = Debug|Any CPU
		{8C4E2750-26BF-4CBD-9767-5DE867B25B9E}.Release|Any CPU.ActiveCfg = Release|Any CPU
		{8C4E2750-26BF-4CBD-9767-5DE867B25B9E}.Release|Any CPU.Build.0 = Release|Any CPU
		{8C4E2750-26BF-4CBD-9767-5DE867B25B9E}.Release|x64.ActiveCfg = Release|Any CPU
		{8C4E2750-26BF-4CBD-9767-5DE867B25B9E}.Release|x64.Build.0 = Release|Any CPU
		{8C4E2750-26BF-4CBD-9767-5DE867B25B9E}.Release|x86.ActiveCfg = Release|Any CPU
		{8C4E2750-26BF-4CBD-9767-5DE867B25B9E}.Release|x86.Build.0 = Release|Any CPU
		{0B9D729A-FDF8-4FAE-9033-A864FE785494}.Debug|Any CPU.ActiveCfg = Debug|Any CPU
		{0B9D729A-FDF8-4FAE-9033-A864FE785494}.Debug|Any CPU.Build.0 = Debug|Any CPU
		{0B9D729A-FDF8-4FAE-9033-A864FE785494}.Debug|x64.ActiveCfg = Debug|Any CPU
		{0B9D729A-FDF8-4FAE-9033-A864FE785494}.Debug|x64.Build.0 = Debug|Any CPU
		{0B9D729A-FDF8-4FAE-9033-A864FE785494}.Debug|x86.ActiveCfg = Debug|Any CPU
		{0B9D729A-FDF8-4FAE-9033-A864FE785494}.Debug|x86.Build.0 = Debug|Any CPU
		{0B9D729A-FDF8-4FAE-9033-A864FE785494}.Release|Any CPU.ActiveCfg = Release|Any CPU
		{0B9D729A-FDF8-4FAE-9033-A864FE785494}.Release|Any CPU.Build.0 = Release|Any CPU
		{0B9D729A-FDF8-4FAE-9033-A864FE785494}.Release|x64.ActiveCfg = Release|Any CPU
		{0B9D729A-FDF8-4FAE-9033-A864FE785494}.Release|x64.Build.0 = Release|Any CPU
		{0B9D729A-FDF8-4FAE-9033-A864FE785494}.Release|x86.ActiveCfg = Release|Any CPU
		{0B9D729A-FDF8-4FAE-9033-A864FE785494}.Release|x86.Build.0 = Release|Any CPU
		{4AF64FFA-685F-4747-A181-830BB1C31C5E}.Debug|Any CPU.ActiveCfg = Debug|Any CPU
		{4AF64FFA-685F-4747-A181-830BB1C31C5E}.Debug|Any CPU.Build.0 = Debug|Any CPU
		{4AF64FFA-685F-4747-A181-830BB1C31C5E}.Debug|x64.ActiveCfg = Debug|Any CPU
		{4AF64FFA-685F-4747-A181-830BB1C31C5E}.Debug|x64.Build.0 = Debug|Any CPU
		{4AF64FFA-685F-4747-A181-830BB1C31C5E}.Debug|x86.ActiveCfg = Debug|Any CPU
		{4AF64FFA-685F-4747-A181-830BB1C31C5E}.Debug|x86.Build.0 = Debug|Any CPU
		{4AF64FFA-685F-4747-A181-830BB1C31C5E}.Release|Any CPU.ActiveCfg = Release|Any CPU
		{4AF64FFA-685F-4747-A181-830BB1C31C5E}.Release|Any CPU.Build.0 = Release|Any CPU
		{4AF64FFA-685F-4747-A181-830BB1C31C5E}.Release|x64.ActiveCfg = Release|Any CPU
		{4AF64FFA-685F-4747-A181-830BB1C31C5E}.Release|x64.Build.0 = Release|Any CPU
		{4AF64FFA-685F-4747-A181-830BB1C31C5E}.Release|x86.ActiveCfg = Release|Any CPU
		{4AF64FFA-685F-4747-A181-830BB1C31C5E}.Release|x86.Build.0 = Release|Any CPU
		{7C0FEA5B-5300-4B77-BDCE-A9C087C4918A}.Debug|Any CPU.ActiveCfg = Debug|Any CPU
		{7C0FEA5B-5300-4B77-BDCE-A9C087C4918A}.Debug|Any CPU.Build.0 = Debug|Any CPU
		{7C0FEA5B-5300-4B77-BDCE-A9C087C4918A}.Debug|x64.ActiveCfg = Debug|Any CPU
		{7C0FEA5B-5300-4B77-BDCE-A9C087C4918A}.Debug|x64.Build.0 = Debug|Any CPU
		{7C0FEA5B-5300-4B77-BDCE-A9C087C4918A}.Debug|x86.ActiveCfg = Debug|Any CPU
		{7C0FEA5B-5300-4B77-BDCE-A9C087C4918A}.Debug|x86.Build.0 = Debug|Any CPU
		{7C0FEA5B-5300-4B77-BDCE-A9C087C4918A}.Release|Any CPU.ActiveCfg = Release|Any CPU
		{7C0FEA5B-5300-4B77-BDCE-A9C087C4918A}.Release|Any CPU.Build.0 = Release|Any CPU
		{7C0FEA5B-5300-4B77-BDCE-A9C087C4918A}.Release|x64.ActiveCfg = Release|Any CPU
		{7C0FEA5B-5300-4B77-BDCE-A9C087C4918A}.Release|x64.Build.0 = Release|Any CPU
		{7C0FEA5B-5300-4B77-BDCE-A9C087C4918A}.Release|x86.ActiveCfg = Release|Any CPU
		{7C0FEA5B-5300-4B77-BDCE-A9C087C4918A}.Release|x86.Build.0 = Release|Any CPU
		{BF716C59-1269-4994-AD23-C0A9C01E172E}.Debug|Any CPU.ActiveCfg = Debug|Any CPU
		{BF716C59-1269-4994-AD23-C0A9C01E172E}.Debug|Any CPU.Build.0 = Debug|Any CPU
		{BF716C59-1269-4994-AD23-C0A9C01E172E}.Debug|x64.ActiveCfg = Debug|Any CPU
		{BF716C59-1269-4994-AD23-C0A9C01E172E}.Debug|x64.Build.0 = Debug|Any CPU
		{BF716C59-1269-4994-AD23-C0A9C01E172E}.Debug|x86.ActiveCfg = Debug|Any CPU
		{BF716C59-1269-4994-AD23-C0A9C01E172E}.Debug|x86.Build.0 = Debug|Any CPU
		{BF716C59-1269-4994-AD23-C0A9C01E172E}.Release|Any CPU.ActiveCfg = Release|Any CPU
		{BF716C59-1269-4994-AD23-C0A9C01E172E}.Release|Any CPU.Build.0 = Release|Any CPU
		{BF716C59-1269-4994-AD23-C0A9C01E172E}.Release|x64.ActiveCfg = Release|Any CPU
		{BF716C59-1269-4994-AD23-C0A9C01E172E}.Release|x64.Build.0 = Release|Any CPU
		{BF716C59-1269-4994-AD23-C0A9C01E172E}.Release|x86.ActiveCfg = Release|Any CPU
		{BF716C59-1269-4994-AD23-C0A9C01E172E}.Release|x86.Build.0 = Release|Any CPU
		{8E10A33B-9BCD-4700-A7D0-771ABFC822AE}.Debug|Any CPU.ActiveCfg = Debug|Any CPU
		{8E10A33B-9BCD-4700-A7D0-771ABFC822AE}.Debug|Any CPU.Build.0 = Debug|Any CPU
		{8E10A33B-9BCD-4700-A7D0-771ABFC822AE}.Debug|x64.ActiveCfg = Debug|Any CPU
		{8E10A33B-9BCD-4700-A7D0-771ABFC822AE}.Debug|x64.Build.0 = Debug|Any CPU
		{8E10A33B-9BCD-4700-A7D0-771ABFC822AE}.Debug|x86.ActiveCfg = Debug|Any CPU
		{8E10A33B-9BCD-4700-A7D0-771ABFC822AE}.Debug|x86.Build.0 = Debug|Any CPU
		{8E10A33B-9BCD-4700-A7D0-771ABFC822AE}.Release|Any CPU.ActiveCfg = Release|Any CPU
		{8E10A33B-9BCD-4700-A7D0-771ABFC822AE}.Release|Any CPU.Build.0 = Release|Any CPU
		{8E10A33B-9BCD-4700-A7D0-771ABFC822AE}.Release|x64.ActiveCfg = Release|Any CPU
		{8E10A33B-9BCD-4700-A7D0-771ABFC822AE}.Release|x64.Build.0 = Release|Any CPU
		{8E10A33B-9BCD-4700-A7D0-771ABFC822AE}.Release|x86.ActiveCfg = Release|Any CPU
		{8E10A33B-9BCD-4700-A7D0-771ABFC822AE}.Release|x86.Build.0 = Release|Any CPU
	EndGlobalSection
	GlobalSection(SolutionProperties) = preSolution
		HideSolutionNode = FALSE
	EndGlobalSection
	GlobalSection(NestedProjects) = preSolution
		{8C4E2750-26BF-4CBD-9767-5DE867B25B9E} = {827E0CD3-B72D-47B6-A68D-7590B98EB39B}
		{0B9D729A-FDF8-4FAE-9033-A864FE785494} = {827E0CD3-B72D-47B6-A68D-7590B98EB39B}
		{4AF64FFA-685F-4747-A181-830BB1C31C5E} = {827E0CD3-B72D-47B6-A68D-7590B98EB39B}
		{7C0FEA5B-5300-4B77-BDCE-A9C087C4918A} = {827E0CD3-B72D-47B6-A68D-7590B98EB39B}
		{BF716C59-1269-4994-AD23-C0A9C01E172E} = {827E0CD3-B72D-47B6-A68D-7590B98EB39B}
		{8E10A33B-9BCD-4700-A7D0-771ABFC822AE} = {02EA681E-C7D8-13C7-8484-4AC65E1B71E8}
	EndGlobalSection
	GlobalSection(ExtensibilityGlobals) = postSolution
		SolutionGuid = {79D917AE-4C26-45A0-93AB-6423C37FADC6}
	EndGlobalSection
EndGlobal
